// !$*UTF8*$!
{
	archiveVersion = 1;
	classes = {
	};
	objectVersion = 46;
	objects = {

/* Begin PBXBuildFile section */
		520806E21BDE8B160043D005 /* AppDelegate.swift in Sources */ = {isa = PBXBuildFile; fileRef = 520806E11BDE8B160043D005 /* AppDelegate.swift */; };
		520806E41BDE8B160043D005 /* EntryViewController.swift in Sources */ = {isa = PBXBuildFile; fileRef = 520806E31BDE8B160043D005 /* EntryViewController.swift */; };
		520806E91BDE8B160043D005 /* Images.xcassets in Resources */ = {isa = PBXBuildFile; fileRef = 520806E81BDE8B160043D005 /* Images.xcassets */; };
		520806EC1BDE8B160043D005 /* LaunchScreen.xib in Resources */ = {isa = PBXBuildFile; fileRef = 520806EA1BDE8B160043D005 /* LaunchScreen.xib */; };
		520806F81BDE8B160043D005 /* HoboAppTests.swift in Sources */ = {isa = PBXBuildFile; fileRef = 520806F71BDE8B160043D005 /* HoboAppTests.swift */; };
		520807021BDE96900043D005 /* Settings.bundle in Resources */ = {isa = PBXBuildFile; fileRef = 520807011BDE96900043D005 /* Settings.bundle */; };
		520CF6B11BE8DD0900A905B5 /* HoboTableViewController.swift in Sources */ = {isa = PBXBuildFile; fileRef = 520CF6B01BE8DD0900A905B5 /* HoboTableViewController.swift */; };
		520CF6B61BEA162400A905B5 /* hoboStyles.plist in Resources */ = {isa = PBXBuildFile; fileRef = 520CF6B31BEA162400A905B5 /* hoboStyles.plist */; };
		520CF6BA1BEA175400A905B5 /* StyleManager.swift in Sources */ = {isa = PBXBuildFile; fileRef = 520CF6B91BEA175400A905B5 /* StyleManager.swift */; };
		520CF6C31BEA525A00A905B5 /* UIColor_rgb.swift in Sources */ = {isa = PBXBuildFile; fileRef = 520CF6C21BEA525A00A905B5 /* UIColor_rgb.swift */; };
		5220759B1BED044300A74112 /* UIColor_hex.swift in Sources */ = {isa = PBXBuildFile; fileRef = 520CF6C01BEA513D00A905B5 /* UIColor_hex.swift */; };
		5220759C1BED044500A74112 /* UIColor_hex.swift in Sources */ = {isa = PBXBuildFile; fileRef = 520CF6C01BEA513D00A905B5 /* UIColor_hex.swift */; };
		5235DE2C1BF0A7F500A17ECE /* Entypo.ttf in Resources */ = {isa = PBXBuildFile; fileRef = 5235DE281BF0A7F500A17ECE /* Entypo.ttf */; };
		5235DE2E1BF0A7F500A17ECE /* EntypoSocial.ttf in Resources */ = {isa = PBXBuildFile; fileRef = 5235DE2B1BF0A7F500A17ECE /* EntypoSocial.ttf */; };
		5235DE301BF0AB4C00A17ECE /* EntypoIcon.swift in Sources */ = {isa = PBXBuildFile; fileRef = 5235DE2F1BF0AB4C00A17ECE /* EntypoIcon.swift */; };
		5235DE321BF103B000A17ECE /* EntypoIconTests.swift in Sources */ = {isa = PBXBuildFile; fileRef = 5235DE311BF103B000A17ECE /* EntypoIconTests.swift */; };
		5235DE331BF103D100A17ECE /* EntypoIcon.swift in Sources */ = {isa = PBXBuildFile; fileRef = 5235DE2F1BF0AB4C00A17ECE /* EntypoIcon.swift */; };
		5235DE341BF1156A00A17ECE /* EntypoSocial.ttf in Resources */ = {isa = PBXBuildFile; fileRef = 5235DE2B1BF0A7F500A17ECE /* EntypoSocial.ttf */; };
		5235DE351BF1156F00A17ECE /* Entypo.ttf in Resources */ = {isa = PBXBuildFile; fileRef = 5235DE281BF0A7F500A17ECE /* Entypo.ttf */; };
		5254C58B1BEB60460025CA97 /* StyleManager.swift in Sources */ = {isa = PBXBuildFile; fileRef = 520CF6B91BEA175400A905B5 /* StyleManager.swift */; };
		5254C58D1BEB607B0025CA97 /* StyleManagerTests.swift in Sources */ = {isa = PBXBuildFile; fileRef = 5254C58C1BEB607B0025CA97 /* StyleManagerTests.swift */; };
		5254C58F1BEB765C0025CA97 /* UIColor_rgb.swift in Sources */ = {isa = PBXBuildFile; fileRef = 520CF6C21BEA525A00A905B5 /* UIColor_rgb.swift */; };
		5254C5921BEBAC4D0025CA97 /* Main.storyboard in Resources */ = {isa = PBXBuildFile; fileRef = 5254C5901BEBAC4D0025CA97 /* Main.storyboard */; };
		5254C5941BEBB1140025CA97 /* MapViewController.swift in Sources */ = {isa = PBXBuildFile; fileRef = 5254C5931BEBB1140025CA97 /* MapViewController.swift */; };
		6E355879B377873E081A205E /* Pods_HoboApp.framework in Frameworks */ = {isa = PBXBuildFile; fileRef = B944F0CF7446A81371C3091C /* Pods_HoboApp.framework */; };
/* End PBXBuildFile section */

/* Begin PBXContainerItemProxy section */
		520806F21BDE8B160043D005 /* PBXContainerItemProxy */ = {
			isa = PBXContainerItemProxy;
			containerPortal = 520806D41BDE8B160043D005 /* Project object */;
			proxyType = 1;
			remoteGlobalIDString = 520806DB1BDE8B160043D005;
			remoteInfo = HoboApp;
		};
/* End PBXContainerItemProxy section */

/* Begin PBXFileReference section */
		520806DC1BDE8B160043D005 /* HoboApp.app */ = {isa = PBXFileReference; explicitFileType = wrapper.application; includeInIndex = 0; path = HoboApp.app; sourceTree = BUILT_PRODUCTS_DIR; };
		520806E01BDE8B160043D005 /* Info.plist */ = {isa = PBXFileReference; lastKnownFileType = text.plist.xml; path = Info.plist; sourceTree = "<group>"; };
		520806E11BDE8B160043D005 /* AppDelegate.swift */ = {isa = PBXFileReference; lastKnownFileType = sourcecode.swift; path = AppDelegate.swift; sourceTree = "<group>"; };
		520806E31BDE8B160043D005 /* EntryViewController.swift */ = {isa = PBXFileReference; lastKnownFileType = sourcecode.swift; path = EntryViewController.swift; sourceTree = "<group>"; };
		520806E81BDE8B160043D005 /* Images.xcassets */ = {isa = PBXFileReference; lastKnownFileType = folder.assetcatalog; path = Images.xcassets; sourceTree = "<group>"; };
		520806EB1BDE8B160043D005 /* Base */ = {isa = PBXFileReference; lastKnownFileType = file.xib; name = Base; path = Base.lproj/LaunchScreen.xib; sourceTree = "<group>"; };
		520806F11BDE8B160043D005 /* HoboAppTests.xctest */ = {isa = PBXFileReference; explicitFileType = wrapper.cfbundle; includeInIndex = 0; path = HoboAppTests.xctest; sourceTree = BUILT_PRODUCTS_DIR; };
		520806F61BDE8B160043D005 /* Info.plist */ = {isa = PBXFileReference; lastKnownFileType = text.plist.xml; path = Info.plist; sourceTree = "<group>"; };
		520806F71BDE8B160043D005 /* HoboAppTests.swift */ = {isa = PBXFileReference; lastKnownFileType = sourcecode.swift; path = HoboAppTests.swift; sourceTree = "<group>"; };
		520807011BDE96900043D005 /* Settings.bundle */ = {isa = PBXFileReference; lastKnownFileType = "wrapper.plug-in"; path = Settings.bundle; sourceTree = "<group>"; };
		520CF6B01BE8DD0900A905B5 /* HoboTableViewController.swift */ = {isa = PBXFileReference; fileEncoding = 4; lastKnownFileType = sourcecode.swift; path = HoboTableViewController.swift; sourceTree = "<group>"; };
		520CF6B21BEA162300A905B5 /* HoboApp-Bridging-Header.h */ = {isa = PBXFileReference; lastKnownFileType = sourcecode.c.h; path = "HoboApp-Bridging-Header.h"; sourceTree = "<group>"; };
		520CF6B31BEA162400A905B5 /* hoboStyles.plist */ = {isa = PBXFileReference; fileEncoding = 4; lastKnownFileType = text.plist.xml; name = hoboStyles.plist; path = styles/hoboStyles.plist; sourceTree = "<group>"; };
		520CF6B41BEA162400A905B5 /* StyleManager.h */ = {isa = PBXFileReference; fileEncoding = 4; lastKnownFileType = sourcecode.c.h; name = StyleManager.h; path = styles/StyleManager.h; sourceTree = "<group>"; };
		520CF6B51BEA162400A905B5 /* StyleManager.m */ = {isa = PBXFileReference; fileEncoding = 4; lastKnownFileType = sourcecode.c.objc; name = StyleManager.m; path = styles/StyleManager.m; sourceTree = "<group>"; };
		520CF6B91BEA175400A905B5 /* StyleManager.swift */ = {isa = PBXFileReference; fileEncoding = 4; lastKnownFileType = sourcecode.swift; name = StyleManager.swift; path = styles/StyleManager.swift; sourceTree = "<group>"; };
		520CF6C01BEA513D00A905B5 /* UIColor_hex.swift */ = {isa = PBXFileReference; fileEncoding = 4; lastKnownFileType = sourcecode.swift; name = UIColor_hex.swift; path = styles/UIColor_hex.swift; sourceTree = "<group>"; };
		520CF6C21BEA525A00A905B5 /* UIColor_rgb.swift */ = {isa = PBXFileReference; fileEncoding = 4; lastKnownFileType = sourcecode.swift; name = UIColor_rgb.swift; path = styles/UIColor_rgb.swift; sourceTree = "<group>"; };
		5235DE281BF0A7F500A17ECE /* Entypo.ttf */ = {isa = PBXFileReference; lastKnownFileType = file; name = Entypo.ttf; path = styles/Entypo.ttf; sourceTree = "<group>"; };
		5235DE291BF0A7F500A17ECE /* EntypoLabel.h */ = {isa = PBXFileReference; fileEncoding = 4; lastKnownFileType = sourcecode.c.h; name = EntypoLabel.h; path = styles/EntypoLabel.h; sourceTree = "<group>"; };
		5235DE2A1BF0A7F500A17ECE /* EntypoLabel.m */ = {isa = PBXFileReference; fileEncoding = 4; lastKnownFileType = sourcecode.c.objc; name = EntypoLabel.m; path = styles/EntypoLabel.m; sourceTree = "<group>"; };
		5235DE2B1BF0A7F500A17ECE /* EntypoSocial.ttf */ = {isa = PBXFileReference; lastKnownFileType = file; name = EntypoSocial.ttf; path = styles/EntypoSocial.ttf; sourceTree = "<group>"; };
		5235DE2F1BF0AB4C00A17ECE /* EntypoIcon.swift */ = {isa = PBXFileReference; fileEncoding = 4; lastKnownFileType = sourcecode.swift; name = EntypoIcon.swift; path = styles/EntypoIcon.swift; sourceTree = "<group>"; };
		5235DE311BF103B000A17ECE /* EntypoIconTests.swift */ = {isa = PBXFileReference; fileEncoding = 4; lastKnownFileType = sourcecode.swift; path = EntypoIconTests.swift; sourceTree = "<group>"; };
		5254C58C1BEB607B0025CA97 /* StyleManagerTests.swift */ = {isa = PBXFileReference; fileEncoding = 4; lastKnownFileType = sourcecode.swift; path = StyleManagerTests.swift; sourceTree = "<group>"; };
		5254C5911BEBAC4D0025CA97 /* Base */ = {isa = PBXFileReference; lastKnownFileType = file.storyboard; name = Base; path = Base.lproj/Main.storyboard; sourceTree = "<group>"; };
		5254C5931BEBB1140025CA97 /* MapViewController.swift */ = {isa = PBXFileReference; fileEncoding = 4; lastKnownFileType = sourcecode.swift; path = MapViewController.swift; sourceTree = "<group>"; };
		5D5D9E8333EB7B51DFEEAB94 /* Pods-HoboApp.release.xcconfig */ = {isa = PBXFileReference; includeInIndex = 1; lastKnownFileType = text.xcconfig; name = "Pods-HoboApp.release.xcconfig"; path = "Pods/Target Support Files/Pods-HoboApp/Pods-HoboApp.release.xcconfig"; sourceTree = "<group>"; };
		9F9D6B277A77244BA4CB3204 /* Pods-HoboApp.debug.xcconfig */ = {isa = PBXFileReference; includeInIndex = 1; lastKnownFileType = text.xcconfig; name = "Pods-HoboApp.debug.xcconfig"; path = "Pods/Target Support Files/Pods-HoboApp/Pods-HoboApp.debug.xcconfig"; sourceTree = "<group>"; };
		B944F0CF7446A81371C3091C /* Pods_HoboApp.framework */ = {isa = PBXFileReference; explicitFileType = wrapper.framework; includeInIndex = 0; path = Pods_HoboApp.framework; sourceTree = BUILT_PRODUCTS_DIR; };
/* End PBXFileReference section */

/* Begin PBXFrameworksBuildPhase section */
		520806D91BDE8B160043D005 /* Frameworks */ = {
			isa = PBXFrameworksBuildPhase;
			buildActionMask = 2147483647;
			files = (
				6E355879B377873E081A205E /* Pods_HoboApp.framework in Frameworks */,
			);
			runOnlyForDeploymentPostprocessing = 0;
		};
		520806EE1BDE8B160043D005 /* Frameworks */ = {
			isa = PBXFrameworksBuildPhase;
			buildActionMask = 2147483647;
			files = (
			);
			runOnlyForDeploymentPostprocessing = 0;
		};
/* End PBXFrameworksBuildPhase section */

/* Begin PBXGroup section */
		520806D31BDE8B160043D005 = {
			isa = PBXGroup;
			children = (
				520806DE1BDE8B160043D005 /* HoboApp */,
				520806F41BDE8B160043D005 /* HoboAppTests */,
				520806DD1BDE8B160043D005 /* Products */,
				ED2FBCD7515F3DF2FD2395BD /* Pods */,
				91E03E6256856AE4863C47C2 /* Frameworks */,
			);
			sourceTree = "<group>";
		};
		520806DD1BDE8B160043D005 /* Products */ = {
			isa = PBXGroup;
			children = (
				520806DC1BDE8B160043D005 /* HoboApp.app */,
				520806F11BDE8B160043D005 /* HoboAppTests.xctest */,
			);
			name = Products;
			sourceTree = "<group>";
		};
		520806DE1BDE8B160043D005 /* HoboApp */ = {
			isa = PBXGroup;
			children = (
				520CF6B81BEA164100A905B5 /* styles */,
				520806E11BDE8B160043D005 /* AppDelegate.swift */,
				520806E31BDE8B160043D005 /* EntryViewController.swift */,
				5254C5931BEBB1140025CA97 /* MapViewController.swift */,
				520CF6B01BE8DD0900A905B5 /* HoboTableViewController.swift */,
				520806E81BDE8B160043D005 /* Images.xcassets */,
				5254C5901BEBAC4D0025CA97 /* Main.storyboard */,
				520806EA1BDE8B160043D005 /* LaunchScreen.xib */,
				520806DF1BDE8B160043D005 /* Supporting Files */,
				520CF6B21BEA162300A905B5 /* HoboApp-Bridging-Header.h */,
			);
			path = HoboApp;
			sourceTree = "<group>";
		};
		520806DF1BDE8B160043D005 /* Supporting Files */ = {
			isa = PBXGroup;
			children = (
				520806E01BDE8B160043D005 /* Info.plist */,
				520807011BDE96900043D005 /* Settings.bundle */,
			);
			name = "Supporting Files";
			sourceTree = "<group>";
		};
		520806F41BDE8B160043D005 /* HoboAppTests */ = {
			isa = PBXGroup;
			children = (
				520806F71BDE8B160043D005 /* HoboAppTests.swift */,
				5254C58C1BEB607B0025CA97 /* StyleManagerTests.swift */,
				5235DE311BF103B000A17ECE /* EntypoIconTests.swift */,
				520806F51BDE8B160043D005 /* Supporting Files */,
			);
			path = HoboAppTests;
			sourceTree = "<group>";
		};
		520806F51BDE8B160043D005 /* Supporting Files */ = {
			isa = PBXGroup;
			children = (
				520806F61BDE8B160043D005 /* Info.plist */,
			);
			name = "Supporting Files";
			sourceTree = "<group>";
		};
		520CF6B81BEA164100A905B5 /* styles */ = {
			isa = PBXGroup;
			children = (
				5235DE281BF0A7F500A17ECE /* Entypo.ttf */,
				5235DE2B1BF0A7F500A17ECE /* EntypoSocial.ttf */,
				5235DE291BF0A7F500A17ECE /* EntypoLabel.h */,
				5235DE2A1BF0A7F500A17ECE /* EntypoLabel.m */,
				5235DE2F1BF0AB4C00A17ECE /* EntypoIcon.swift */,
				520CF6B31BEA162400A905B5 /* hoboStyles.plist */,
				520CF6B41BEA162400A905B5 /* StyleManager.h */,
				520CF6B51BEA162400A905B5 /* StyleManager.m */,
				520CF6B91BEA175400A905B5 /* StyleManager.swift */,
				520CF6C01BEA513D00A905B5 /* UIColor_hex.swift */,
				520CF6C21BEA525A00A905B5 /* UIColor_rgb.swift */,
			);
			name = styles;
			sourceTree = "<group>";
		};
		91E03E6256856AE4863C47C2 /* Frameworks */ = {
			isa = PBXGroup;
			children = (
				B944F0CF7446A81371C3091C /* Pods_HoboApp.framework */,
			);
			name = Frameworks;
			sourceTree = "<group>";
		};
		ED2FBCD7515F3DF2FD2395BD /* Pods */ = {
			isa = PBXGroup;
			children = (
				9F9D6B277A77244BA4CB3204 /* Pods-HoboApp.debug.xcconfig */,
				5D5D9E8333EB7B51DFEEAB94 /* Pods-HoboApp.release.xcconfig */,
			);
			name = Pods;
			sourceTree = "<group>";
		};
/* End PBXGroup section */

/* Begin PBXNativeTarget section */
		520806DB1BDE8B160043D005 /* HoboApp */ = {
			isa = PBXNativeTarget;
			buildConfigurationList = 520806FB1BDE8B160043D005 /* Build configuration list for PBXNativeTarget "HoboApp" */;
			buildPhases = (
				05871CB0DE87CACACF545C53 /* Check Pods Manifest.lock */,
				520806D81BDE8B160043D005 /* Sources */,
				520806D91BDE8B160043D005 /* Frameworks */,
				520806DA1BDE8B160043D005 /* Resources */,
				E09516957770F8CDA5C760F3 /* Embed Pods Frameworks */,
				70FE89F6391454F9AB2611D0 /* Copy Pods Resources */,
			);
			buildRules = (
			);
			dependencies = (
			);
			name = HoboApp;
			productName = HoboApp;
			productReference = 520806DC1BDE8B160043D005 /* HoboApp.app */;
			productType = "com.apple.product-type.application";
		};
		520806F01BDE8B160043D005 /* HoboAppTests */ = {
			isa = PBXNativeTarget;
			buildConfigurationList = 520806FE1BDE8B160043D005 /* Build configuration list for PBXNativeTarget "HoboAppTests" */;
			buildPhases = (
				520806ED1BDE8B160043D005 /* Sources */,
				520806EE1BDE8B160043D005 /* Frameworks */,
				520806EF1BDE8B160043D005 /* Resources */,
			);
			buildRules = (
			);
			dependencies = (
				520806F31BDE8B160043D005 /* PBXTargetDependency */,
			);
			name = HoboAppTests;
			productName = HoboAppTests;
			productReference = 520806F11BDE8B160043D005 /* HoboAppTests.xctest */;
			productType = "com.apple.product-type.bundle.unit-test";
		};
/* End PBXNativeTarget section */

/* Begin PBXProject section */
		520806D41BDE8B160043D005 /* Project object */ = {
			isa = PBXProject;
			attributes = {
				LastSwiftMigration = 0710;
				LastSwiftUpdateCheck = 0710;
				LastUpgradeCheck = 0640;
				ORGANIZATIONNAME = probert;
				TargetAttributes = {
					520806DB1BDE8B160043D005 = {
						CreatedOnToolsVersion = 6.4;
						SystemCapabilities = {
							com.apple.BackgroundModes = {
								enabled = 1;
							};
						};
					};
					520806F01BDE8B160043D005 = {
						CreatedOnToolsVersion = 6.4;
						TestTargetID = 520806DB1BDE8B160043D005;
					};
				};
			};
			buildConfigurationList = 520806D71BDE8B160043D005 /* Build configuration list for PBXProject "HoboApp" */;
			compatibilityVersion = "Xcode 3.2";
			developmentRegion = English;
			hasScannedForEncodings = 0;
			knownRegions = (
				en,
				Base,
			);
			mainGroup = 520806D31BDE8B160043D005;
			productRefGroup = 520806DD1BDE8B160043D005 /* Products */;
			projectDirPath = "";
			projectRoot = "";
			targets = (
				520806DB1BDE8B160043D005 /* HoboApp */,
				520806F01BDE8B160043D005 /* HoboAppTests */,
			);
		};
/* End PBXProject section */

/* Begin PBXResourcesBuildPhase section */
		520806DA1BDE8B160043D005 /* Resources */ = {
			isa = PBXResourcesBuildPhase;
			buildActionMask = 2147483647;
			files = (
				5235DE2E1BF0A7F500A17ECE /* EntypoSocial.ttf in Resources */,
				520807021BDE96900043D005 /* Settings.bundle in Resources */,
				5235DE2C1BF0A7F500A17ECE /* Entypo.ttf in Resources */,
				5254C5921BEBAC4D0025CA97 /* Main.storyboard in Resources */,
				520CF6B61BEA162400A905B5 /* hoboStyles.plist in Resources */,
				520806EC1BDE8B160043D005 /* LaunchScreen.xib in Resources */,
				520806E91BDE8B160043D005 /* Images.xcassets in Resources */,
			);
			runOnlyForDeploymentPostprocessing = 0;
		};
		520806EF1BDE8B160043D005 /* Resources */ = {
			isa = PBXResourcesBuildPhase;
			buildActionMask = 2147483647;
			files = (
				5235DE341BF1156A00A17ECE /* EntypoSocial.ttf in Resources */,
				5235DE351BF1156F00A17ECE /* Entypo.ttf in Resources */,
			);
			runOnlyForDeploymentPostprocessing = 0;
		};
/* End PBXResourcesBuildPhase section */

/* Begin PBXShellScriptBuildPhase section */
		05871CB0DE87CACACF545C53 /* Check Pods Manifest.lock */ = {
			isa = PBXShellScriptBuildPhase;
			buildActionMask = 2147483647;
			files = (
			);
			inputPaths = (
			);
			name = "Check Pods Manifest.lock";
			outputPaths = (
			);
			runOnlyForDeploymentPostprocessing = 0;
			shellPath = /bin/sh;
			shellScript = "diff \"${PODS_ROOT}/../Podfile.lock\" \"${PODS_ROOT}/Manifest.lock\" > /dev/null\nif [[ $? != 0 ]] ; then\n    cat << EOM\nerror: The sandbox is not in sync with the Podfile.lock. Run 'pod install' or update your CocoaPods installation.\nEOM\n    exit 1\nfi\n";
			showEnvVarsInLog = 0;
		};
		70FE89F6391454F9AB2611D0 /* Copy Pods Resources */ = {
			isa = PBXShellScriptBuildPhase;
			buildActionMask = 2147483647;
			files = (
			);
			inputPaths = (
			);
			name = "Copy Pods Resources";
			outputPaths = (
			);
			runOnlyForDeploymentPostprocessing = 0;
			shellPath = /bin/sh;
			shellScript = "\"${SRCROOT}/Pods/Target Support Files/Pods-HoboApp/Pods-HoboApp-resources.sh\"\n";
			showEnvVarsInLog = 0;
		};
		E09516957770F8CDA5C760F3 /* Embed Pods Frameworks */ = {
			isa = PBXShellScriptBuildPhase;
			buildActionMask = 2147483647;
			files = (
			);
			inputPaths = (
			);
			name = "Embed Pods Frameworks";
			outputPaths = (
			);
			runOnlyForDeploymentPostprocessing = 0;
			shellPath = /bin/sh;
			shellScript = "\"${SRCROOT}/Pods/Target Support Files/Pods-HoboApp/Pods-HoboApp-frameworks.sh\"\n";
			showEnvVarsInLog = 0;
		};
/* End PBXShellScriptBuildPhase section */

/* Begin PBXSourcesBuildPhase section */
		520806D81BDE8B160043D005 /* Sources */ = {
			isa = PBXSourcesBuildPhase;
			buildActionMask = 2147483647;
			files = (
				520CF6B11BE8DD0900A905B5 /* HoboTableViewController.swift in Sources */,
				520CF6BA1BEA175400A905B5 /* StyleManager.swift in Sources */,
				520806E41BDE8B160043D005 /* EntryViewController.swift in Sources */,
				5235DE301BF0AB4C00A17ECE /* EntypoIcon.swift in Sources */,
				520806E21BDE8B160043D005 /* AppDelegate.swift in Sources */,
				520CF6C31BEA525A00A905B5 /* UIColor_rgb.swift in Sources */,
				5254C5941BEBB1140025CA97 /* MapViewController.swift in Sources */,
				5220759C1BED044500A74112 /* UIColor_hex.swift in Sources */,
			);
			runOnlyForDeploymentPostprocessing = 0;
		};
		520806ED1BDE8B160043D005 /* Sources */ = {
			isa = PBXSourcesBuildPhase;
			buildActionMask = 2147483647;
			files = (
				520806F81BDE8B160043D005 /* HoboAppTests.swift in Sources */,
				5235DE331BF103D100A17ECE /* EntypoIcon.swift in Sources */,
				5235DE321BF103B000A17ECE /* EntypoIconTests.swift in Sources */,
				5220759B1BED044300A74112 /* UIColor_hex.swift in Sources */,
				5254C58F1BEB765C0025CA97 /* UIColor_rgb.swift in Sources */,
				5254C58D1BEB607B0025CA97 /* StyleManagerTests.swift in Sources */,
				5254C58B1BEB60460025CA97 /* StyleManager.swift in Sources */,
			);
			runOnlyForDeploymentPostprocessing = 0;
		};
/* End PBXSourcesBuildPhase section */

/* Begin PBXTargetDependency section */
		520806F31BDE8B160043D005 /* PBXTargetDependency */ = {
			isa = PBXTargetDependency;
			target = 520806DB1BDE8B160043D005 /* HoboApp */;
			targetProxy = 520806F21BDE8B160043D005 /* PBXContainerItemProxy */;
		};
/* End PBXTargetDependency section */

/* Begin PBXVariantGroup section */
		520806EA1BDE8B160043D005 /* LaunchScreen.xib */ = {
			isa = PBXVariantGroup;
			children = (
				520806EB1BDE8B160043D005 /* Base */,
			);
			name = LaunchScreen.xib;
			sourceTree = "<group>";
		};
		5254C5901BEBAC4D0025CA97 /* Main.storyboard */ = {
			isa = PBXVariantGroup;
			children = (
				5254C5911BEBAC4D0025CA97 /* Base */,
			);
			name = Main.storyboard;
			sourceTree = "<group>";
		};
/* End PBXVariantGroup section */

/* Begin XCBuildConfiguration section */
		520806F91BDE8B160043D005 /* Debug */ = {
			isa = XCBuildConfiguration;
			buildSettings = {
				ALWAYS_SEARCH_USER_PATHS = NO;
				CLANG_CXX_LANGUAGE_STANDARD = "gnu++0x";
				CLANG_CXX_LIBRARY = "libc++";
				CLANG_ENABLE_MODULES = YES;
				CLANG_ENABLE_OBJC_ARC = YES;
				CLANG_WARN_BOOL_CONVERSION = YES;
				CLANG_WARN_CONSTANT_CONVERSION = YES;
				CLANG_WARN_DIRECT_OBJC_ISA_USAGE = YES_ERROR;
				CLANG_WARN_EMPTY_BODY = YES;
				CLANG_WARN_ENUM_CONVERSION = YES;
				CLANG_WARN_INT_CONVERSION = YES;
				CLANG_WARN_OBJC_ROOT_CLASS = YES_ERROR;
				CLANG_WARN_UNREACHABLE_CODE = YES;
				CLANG_WARN__DUPLICATE_METHOD_MATCH = YES;
				"CODE_SIGN_IDENTITY[sdk=iphoneos*]" = "iPhone Developer";
				COPY_PHASE_STRIP = NO;
				DEBUG_INFORMATION_FORMAT = "dwarf-with-dsym";
				ENABLE_STRICT_OBJC_MSGSEND = YES;
				GCC_C_LANGUAGE_STANDARD = gnu99;
				GCC_DYNAMIC_NO_PIC = NO;
				GCC_NO_COMMON_BLOCKS = YES;
				GCC_OPTIMIZATION_LEVEL = 0;
				GCC_PREPROCESSOR_DEFINITIONS = (
					"DEBUG=1",
					"$(inherited)",
				);
				GCC_SYMBOLS_PRIVATE_EXTERN = NO;
				GCC_WARN_64_TO_32_BIT_CONVERSION = YES;
				GCC_WARN_ABOUT_RETURN_TYPE = YES_ERROR;
				GCC_WARN_UNDECLARED_SELECTOR = YES;
				GCC_WARN_UNINITIALIZED_AUTOS = YES_AGGRESSIVE;
				GCC_WARN_UNUSED_FUNCTION = YES;
				GCC_WARN_UNUSED_VARIABLE = YES;
				IPHONEOS_DEPLOYMENT_TARGET = 8.4;
				MTL_ENABLE_DEBUG_INFO = YES;
				ONLY_ACTIVE_ARCH = YES;
				SDKROOT = iphoneos;
				SWIFT_OPTIMIZATION_LEVEL = "-Onone";
				TARGETED_DEVICE_FAMILY = "1,2";
			};
			name = Debug;
		};
		520806FA1BDE8B160043D005 /* Release */ = {
			isa = XCBuildConfiguration;
			buildSettings = {
				ALWAYS_SEARCH_USER_PATHS = NO;
				CLANG_CXX_LANGUAGE_STANDARD = "gnu++0x";
				CLANG_CXX_LIBRARY = "libc++";
				CLANG_ENABLE_MODULES = YES;
				CLANG_ENABLE_OBJC_ARC = YES;
				CLANG_WARN_BOOL_CONVERSION = YES;
				CLANG_WARN_CONSTANT_CONVERSION = YES;
				CLANG_WARN_DIRECT_OBJC_ISA_USAGE = YES_ERROR;
				CLANG_WARN_EMPTY_BODY = YES;
				CLANG_WARN_ENUM_CONVERSION = YES;
				CLANG_WARN_INT_CONVERSION = YES;
				CLANG_WARN_OBJC_ROOT_CLASS = YES_ERROR;
				CLANG_WARN_UNREACHABLE_CODE = YES;
				CLANG_WARN__DUPLICATE_METHOD_MATCH = YES;
				"CODE_SIGN_IDENTITY[sdk=iphoneos*]" = "iPhone Developer";
				COPY_PHASE_STRIP = NO;
				DEBUG_INFORMATION_FORMAT = "dwarf-with-dsym";
				ENABLE_NS_ASSERTIONS = NO;
				ENABLE_STRICT_OBJC_MSGSEND = YES;
				GCC_C_LANGUAGE_STANDARD = gnu99;
				GCC_NO_COMMON_BLOCKS = YES;
				GCC_WARN_64_TO_32_BIT_CONVERSION = YES;
				GCC_WARN_ABOUT_RETURN_TYPE = YES_ERROR;
				GCC_WARN_UNDECLARED_SELECTOR = YES;
				GCC_WARN_UNINITIALIZED_AUTOS = YES_AGGRESSIVE;
				GCC_WARN_UNUSED_FUNCTION = YES;
				GCC_WARN_UNUSED_VARIABLE = YES;
				IPHONEOS_DEPLOYMENT_TARGET = 8.4;
				MTL_ENABLE_DEBUG_INFO = NO;
				SDKROOT = iphoneos;
				TARGETED_DEVICE_FAMILY = "1,2";
				VALIDATE_PRODUCT = YES;
			};
			name = Release;
		};
		520806FC1BDE8B160043D005 /* Debug */ = {
			isa = XCBuildConfiguration;
			baseConfigurationReference = 9F9D6B277A77244BA4CB3204 /* Pods-HoboApp.debug.xcconfig */;
			buildSettings = {
				ASSETCATALOG_COMPILER_APPICON_NAME = AppIcon;
				CLANG_ENABLE_MODULES = YES;
				INFOPLIST_FILE = HoboApp/Info.plist;
				LD_RUNPATH_SEARCH_PATHS = "$(inherited) @executable_path/Frameworks";
				PRODUCT_NAME = "$(TARGET_NAME)";
				SWIFT_OBJC_BRIDGING_HEADER = "HoboApp/HoboApp-Bridging-Header.h";
				SWIFT_OPTIMIZATION_LEVEL = "-Onone";
			};
			name = Debug;
		};
		520806FD1BDE8B160043D005 /* Release */ = {
			isa = XCBuildConfiguration;
			baseConfigurationReference = 5D5D9E8333EB7B51DFEEAB94 /* Pods-HoboApp.release.xcconfig */;
			buildSettings = {
				ASSETCATALOG_COMPILER_APPICON_NAME = AppIcon;
				CLANG_ENABLE_MODULES = YES;
				INFOPLIST_FILE = HoboApp/Info.plist;
				LD_RUNPATH_SEARCH_PATHS = "$(inherited) @executable_path/Frameworks";
				PRODUCT_NAME = "$(TARGET_NAME)";
				SWIFT_OBJC_BRIDGING_HEADER = "HoboApp/HoboApp-Bridging-Header.h";
			};
			name = Release;
		};
		520806FF1BDE8B160043D005 /* Debug */ = {
			isa = XCBuildConfiguration;
			buildSettings = {
				BUNDLE_LOADER = "$(TEST_HOST)";
				FRAMEWORK_SEARCH_PATHS = (
					"$(SDKROOT)/Developer/Library/Frameworks",
					"$(inherited)",
				);
				GCC_PREPROCESSOR_DEFINITIONS = (
					"DEBUG=1",
					"$(inherited)",
				);
				INFOPLIST_FILE = HoboAppTests/Info.plist;
				LD_RUNPATH_SEARCH_PATHS = "$(inherited) @executable_path/Frameworks @loader_path/Frameworks";
				PRODUCT_NAME = "$(TARGET_NAME)";
				TEST_HOST = "$(BUILT_PRODUCTS_DIR)/HoboApp.app/HoboApp";
			};
			name = Debug;
		};
		520807001BDE8B160043D005 /* Release */ = {
			isa = XCBuildConfiguration;
			buildSettings = {
				BUNDLE_LOADER = "$(TEST_HOST)";
				FRAMEWORK_SEARCH_PATHS = (
					"$(SDKROOT)/Developer/Library/Frameworks",
					"$(inherited)",
				);
				INFOPLIST_FILE = HoboAppTests/Info.plist;
				LD_RUNPATH_SEARCH_PATHS = "$(inherited) @executable_path/Frameworks @loader_path/Frameworks";
				PRODUCT_NAME = "$(TARGET_NAME)";
				TEST_HOST = "$(BUILT_PRODUCTS_DIR)/HoboApp.app/HoboApp";
			};
			name = Release;
		};
/* End XCBuildConfiguration section */

/* Begin XCConfigurationList section */
		520806D71BDE8B160043D005 /* Build configuration list for PBXProject "HoboApp" */ = {
			isa = XCConfigurationList;
			buildConfigurations = (
				520806F91BDE8B160043D005 /* Debug */,
				520806FA1BDE8B160043D005 /* Release */,
			);
			defaultConfigurationIsVisible = 0;
			defaultConfigurationName = Release;
		};
		520806FB1BDE8B160043D005 /* Build configuration list for PBXNativeTarget "HoboApp" */ = {
			isa = XCConfigurationList;
			buildConfigurations = (
				520806FC1BDE8B160043D005 /* Debug */,
				520806FD1BDE8B160043D005 /* Release */,
			);
			defaultConfigurationIsVisible = 0;
			defaultConfigurationName = Release;
		};
		520806FE1BDE8B160043D005 /* Build configuration list for PBXNativeTarget "HoboAppTests" */ = {
			isa = XCConfigurationList;
			buildConfigurations = (
				520806FF1BDE8B160043D005 /* Debug */,
				520807001BDE8B160043D005 /* Release */,
			);
			defaultConfigurationIsVisible = 0;
			defaultConfigurationName = Release;
		};
/* End XCConfigurationList section */
	};
	rootObject = 520806D41BDE8B160043D005 /* Project object */;
}
